GEM
  remote: https://rubygems.org/
  specs:
    yard (0.9.38)
    yard-lint (1.4.0)
      yard (~> 0.9)
      zeitwerk (~> 2.6)
    zeitwerk (2.7.4)

PLATFORMS
  ruby
  x86_64-linux

DEPENDENCIES
  yard-lint

CHECKSUMS
  yard (0.9.38) sha256=721fb82afb10532aa49860655f6cc2eaa7130889df291b052e1e6b268283010f
  yard-lint (1.4.0) sha256=7dd88fbb08fd77cb840bea899d58812817b36d92291b5693dd0eeb3af9f91f0f
  zeitwerk (2.7.4) sha256=2bef90f356bdafe9a6c2bd32bcd804f83a4f9b8bc27f3600fff051eb3edcec8b

BUNDLED WITH
  4.0.3
